// !$*UTF8*$!
{
	archiveVersion = 1;
	classes = {
	};
	objectVersion = 46;
	objects = {

/* Begin PBXBuildFile section */
		FB3238821E4A9D2800D435CF /* AppDelegate.swift in Sources */ = {isa = PBXBuildFile; fileRef = FB3238811E4A9D2800D435CF /* AppDelegate.swift */; };
		FB3238841E4A9D2800D435CF /* ViewController.swift in Sources */ = {isa = PBXBuildFile; fileRef = FB3238831E4A9D2800D435CF /* ViewController.swift */; };
		FB3238871E4A9D2800D435CF /* Main.storyboard in Resources */ = {isa = PBXBuildFile; fileRef = FB3238851E4A9D2800D435CF /* Main.storyboard */; };
		FB3238891E4A9D2900D435CF /* Assets.xcassets in Resources */ = {isa = PBXBuildFile; fileRef = FB3238881E4A9D2900D435CF /* Assets.xcassets */; };
		FB32388C1E4A9D2A00D435CF /* LaunchScreen.storyboard in Resources */ = {isa = PBXBuildFile; fileRef = FB32388A1E4A9D2A00D435CF /* LaunchScreen.storyboard */; };
/* End PBXBuildFile section */

/* Begin PBXFileReference section */
		FB32387E1E4A9D2700D435CF /* Transiciones en iOS.app */ = {isa = PBXFileReference; explicitFileType = wrapper.application; includeInIndex = 0; path = "Transiciones en iOS.app"; sourceTree = BUILT_PRODUCTS_DIR; };
		FB3238811E4A9D2800D435CF /* AppDelegate.swift */ = {isa = PBXFileReference; lastKnownFileType = sourcecode.swift; path = AppDelegate.swift; sourceTree = "<group>"; };
		FB3238831E4A9D2800D435CF /* ViewController.swift */ = {isa = PBXFileReference; lastKnownFileType = sourcecode.swift; path = ViewController.swift; sourceTree = "<group>"; };
		FB3238861E4A9D2800D435CF /* Base */ = {isa = PBXFileReference; lastKnownFileType = file.storyboard; name = Base; path = Base.lproj/Main.storyboard; sourceTree = "<group>"; };
		FB3238881E4A9D2900D435CF /* Assets.xcassets */ = {isa = PBXFileReference; lastKnownFileType = folder.assetcatalog; path = Assets.xcassets; sourceTree = "<group>"; };
		FB32388B1E4A9D2A00D435CF /* Base */ = {isa = PBXFileReference; lastKnownFileType = file.storyboard; name = Base; path = Base.lproj/LaunchScreen.storyboard; sourceTree = "<group>"; };
		FB32388D1E4A9D2A00D435CF /* Info.plist */ = {isa = PBXFileReference; lastKnownFileType = text.plist.xml; path = Info.plist; sourceTree = "<group>"; };
/* End PBXFileReference section */

/* Begin PBXFrameworksBuildPhase section */
		FB32387B1E4A9D2700D435CF /* Frameworks */ = {
			isa = PBXFrameworksBuildPhase;
			buildActionMask = 2147483647;
			files = (
			);
			runOnlyForDeploymentPostprocessing = 0;
		};
/* End PBXFrameworksBuildPhase section */

/* Begin PBXGroup section */
		FB3238751E4A9D2600D435CF = {
			isa = PBXGroup;
			children = (
				FB3238801E4A9D2700D435CF /* Transiciones en iOS */,
				FB32387F1E4A9D2700D435CF /* Products */,
			);
			sourceTree = "<group>";
		};
		FB32387F1E4A9D2700D435CF /* Products */ = {
			isa = PBXGroup;
			children = (
				FB32387E1E4A9D2700D435CF /* Transiciones en iOS.app */,
			);
			name = Products;
			sourceTree = "<group>";
		};
		FB3238801E4A9D2700D435CF /* Transiciones en iOS */ = {
			isa = PBXGroup;
			children = (
				FB3238811E4A9D2800D435CF /* AppDelegate.swift */,
				FB3238831E4A9D2800D435CF /* ViewController.swift */,
				FB3238851E4A9D2800D435CF /* Main.storyboard */,
				FB3238881E4A9D2900D435CF /* Assets.xcassets */,
				FB32388A1E4A9D2A00D435CF /* LaunchScreen.storyboard */,
				FB32388D1E4A9D2A00D435CF /* Info.plist */,
			);
			path = "Transiciones en iOS";
			sourceTree = "<group>";
		};
/* End PBXGroup section */

/* Begin PBXNativeTarget section */
		FB32387D1E4A9D2700D435CF /* Transiciones en iOS */ = {
			isa = PBXNativeTarget;
			buildConfigurationList = FB3238901E4A9D2A00D435CF /* Build configuration list for PBXNativeTarget "Transiciones en iOS" */;
			buildPhases = (
				FB32387A1E4A9D2700D435CF /* Sources */,
				FB32387B1E4A9D2700D435CF /* Frameworks */,
				FB32387C1E4A9D2700D435CF /* Resources */,
			);
			buildRules = (
			);
			dependencies = (
			);
			name = "Transiciones en iOS";
			productName = "Transiciones en iOS";
			productReference = FB32387E1E4A9D2700D435CF /* Transiciones en iOS.app */;
			productType = "com.apple.product-type.application";
		};
/* End PBXNativeTarget section */

/* Begin PBXProject section */
		FB3238761E4A9D2600D435CF /* Project object */ = {
			isa = PBXProject;
			attributes = {
				LastSwiftUpdateCheck = 0800;
				LastUpgradeCheck = 0800;
				ORGANIZATIONNAME = alumno;
				TargetAttributes = {
					FB32387D1E4A9D2700D435CF = {
						CreatedOnToolsVersion = 8.0;
						ProvisioningStyle = Automatic;
					};
				};
			};
			buildConfigurationList = FB3238791E4A9D2600D435CF /* Build configuration list for PBXProject "Transiciones en iOS" */;
			compatibilityVersion = "Xcode 3.2";
			developmentRegion = English;
			hasScannedForEncodings = 0;
			knownRegions = (
				en,
				Base,
			);
			mainGroup = FB3238751E4A9D2600D435CF;
			productRefGroup = FB32387F1E4A9D2700D435CF /* Products */;
			projectDirPath = "";
			projectRoot = "";
			targets = (
				FB32387D1E4A9D2700D435CF /* Transiciones en iOS */,
			);
		};
/* End PBXProject section */

/* Begin PBXResourcesBuildPhase section */
		FB32387C1E4A9D2700D435CF /* Resources */ = {
			isa = PBXResourcesBuildPhase;
			buildActionMask = 2147483647;
			files = (
				FB32388C1E4A9D2A00D435CF /* LaunchScreen.storyboard in Resources */,
				FB3238891E4A9D2900D435CF /* Assets.xcassets in Resources */,
				FB3238871E4A9D2800D435CF /* Main.storyboard in Resources */,
			);
			runOnlyForDeploymentPostprocessing = 0;
		};
/* End PBXResourcesBuildPhase section */

/* Begin PBXSourcesBuildPhase section */
		FB32387A1E4A9D2700D435CF /* Sources */ = {
			isa = PBXSourcesBuildPhase;
			buildActionMask = 2147483647;
			files = (
				FB3238841E4A9D2800D435CF /* ViewController.swift in Sources */,
				FB3238821E4A9D2800D435CF /* AppDelegate.swift in Sources */,
			);
			runOnlyForDeploymentPostprocessing = 0;
		};
/* End PBXSourcesBuildPhase section */

/* Begin PBXVariantGroup section */
		FB3238851E4A9D2800D435CF /* Main.storyboard */ = {
			isa = PBXVariantGroup;
			children = (
				FB3238861E4A9D2800D435CF /* Base */,
			);
			name = Main.storyboard;
			sourceTree = "<group>";
		};
		FB32388A1E4A9D2A00D435CF /* LaunchScreen.storyboard */ = {
			isa = PBXVariantGroup;
			children = (
				FB32388B1E4A9D2A00D435CF /* Base */,
			);
			name = LaunchScreen.storyboard;
			sourceTree = "<group>";
		};
/* End PBXVariantGroup section */

/* Begin XCBuildConfiguration section */
		FB32388E1E4A9D2A00D435CF /* Debug */ = {
			isa = XCBuildConfiguration;
			buildSettings = {
				ALWAYS_SEARCH_USER_PATHS = NO;
				CLANG_ANALYZER_NONNULL = YES;
				CLANG_CXX_LANGUAGE_STANDARD = "gnu++0x";
				CLANG_CXX_LIBRARY = "libc++";
				CLANG_ENABLE_MODULES = YES;
				CLANG_ENABLE_OBJC_ARC = YES;
				CLANG_WARN_BOOL_CONVERSION = YES;
				CLANG_WARN_CONSTANT_CONVERSION = YES;
				CLANG_WARN_DIRECT_OBJC_ISA_USAGE = YES_ERROR;
				CLANG_WARN_DOCUMENTATION_COMMENTS = YES;
				CLANG_WARN_EMPTY_BODY = YES;
				CLANG_WARN_ENUM_CONVERSION = YES;
				CLANG_WARN_INFINITE_RECURSION = YES;
				CLANG_WARN_INT_CONVERSION = YES;
				CLANG_WARN_OBJC_ROOT_CLASS = YES_ERROR;
				CLANG_WARN_SUSPICIOUS_MOVES = YES;
				CLANG_WARN_UNREACHABLE_CODE = YES;
				CLANG_WARN__DUPLICATE_METHOD_MATCH = YES;
				"CODE_SIGN_IDENTITY[sdk=iphoneos*]" = "iPhone Developer";
				COPY_PHASE_STRIP = NO;
				DEBUG_INFORMATION_FORMAT = dwarf;
				ENABLE_STRICT_OBJC_MSGSEND = YES;
				ENABLE_TESTABILITY = YES;
				GCC_C_LANGUAGE_STANDARD = gnu99;
				GCC_DYNAMIC_NO_PIC = NO;
				GCC_NO_COMMON_BLOCKS = YES;
				GCC_OPTIMIZATION_LEVEL = 0;
				GCC_PREPROCESSOR_DEFINITIONS = (
					"DEBUG=1",
					"$(inherited)",
				);
				GCC_WARN_64_TO_32_BIT_CONVERSION = YES;
				GCC_WARN_ABOUT_RETURN_TYPE = YES_ERROR;
				GCC_WARN_UNDECLARED_SELECTOR = YES;
				GCC_WARN_UNINITIALIZED_AUTOS = YES_AGGRESSIVE;
				GCC_WARN_UNUSED_FUNCTION = YES;
				GCC_WARN_UNUSED_VARIABLE = YES;
				IPHONEOS_DEPLOYMENT_TARGET = 10.0;
				MTL_ENABLE_DEBUG_INFO = YES;
				ONLY_ACTIVE_ARCH = YES;
				SDKROOT = iphoneos;
				SWIFT_ACTIVE_COMPILATION_CONDITIONS = DEBUG;
				SWIFT_OPTIMIZATION_LEVEL = "-Onone";
			};
			name = Debug;
		};
		FB32388F1E4A9D2A00D435CF /* Release */ = {
			isa = XCBuildConfiguration;
			buildSettings = {
				ALWAYS_SEARCH_USER_PATHS = NO;
				CLANG_ANALYZER_NONNULL = YES;
				CLANG_CXX_LANGUAGE_STANDARD = "gnu++0x";
				CLANG_CXX_LIBRARY = "libc++";
				CLANG_ENABLE_MODULES = YES;
				CLANG_ENABLE_OBJC_ARC = YES;
				CLANG_WARN_BOOL_CONVERSION = YES;
				CLANG_WARN_CONSTANT_CONVERSION = YES;
				CLANG_WARN_DIRECT_OBJC_ISA_USAGE = YES_ERROR;
				CLANG_WARN_DOCUMENTATION_COMMENTS = YES;
				CLANG_WARN_EMPTY_BODY = YES;
				CLANG_WARN_ENUM_CONVERSION = YES;
				CLANG_WARN_INFINITE_RECURSION = YES;
				CLANG_WARN_INT_CONVERSION = YES;
				CLANG_WARN_OBJC_ROOT_CLASS = YES_ERROR;
				CLANG_WARN_SUSPICIOUS_MOVES = YES;
				CLANG_WARN_UNREACHABLE_CODE = YES;
				CLANG_WARN__DUPLICATE_METHOD_MATCH = YES;
				"CODE_SIGN_IDENTITY[sdk=iphoneos*]" = "iPhone Developer";
				COPY_PHASE_STRIP = NO;
				DEBUG_INFORMATION_FORMAT = "dwarf-with-dsym";
				ENABLE_NS_ASSERTIONS = NO;
				ENABLE_STRICT_OBJC_MSGSEND = YES;
				GCC_C_LANGUAGE_STANDARD = gnu99;
				GCC_NO_COMMON_BLOCKS = YES;
				GCC_WARN_64_TO_32_BIT_CONVERSION = YES;
				GCC_WARN_ABOUT_RETURN_TYPE = YES_ERROR;
				GCC_WARN_UNDECLARED_SELECTOR = YES;
				GCC_WARN_UNINITIALIZED_AUTOS = YES_AGGRESSIVE;
				GCC_WARN_UNUSED_FUNCTION = YES;
				GCC_WARN_UNUSED_VARIABLE = YES;
				IPHONEOS_DEPLOYMENT_TARGET = 10.0;
				MTL_ENABLE_DEBUG_INFO = NO;
				SDKROOT = iphoneos;
				SWIFT_OPTIMIZATION_LEVEL = "-Owholemodule";
				VALIDATE_PRODUCT = YES;
			};
			name = Release;
		};
		FB3238911E4A9D2A00D435CF /* Debug */ = {
			isa = XCBuildConfiguration;
			buildSettings = {
				ASSETCATALOG_COMPILER_APPICON_NAME = AppIcon;
				INFOPLIST_FILE = "Transiciones en iOS/Info.plist";
				LD_RUNPATH_SEARCH_PATHS = "$(inherited) @executable_path/Frameworks";
				PRODUCT_BUNDLE_IDENTIFIER = "pe.area51.Transiciones-en-iOS";
				PRODUCT_NAME = "$(TARGET_NAME)";
				SWIFT_VERSION = 3.0;
			};
			name = Debug;
		};
		FB3238921E4A9D2A00D435CF /* Release */ = {
			isa = XCBuildConfiguration;
			buildSettings = {
				ASSETCATALOG_COMPILER_APPICON_NAME = AppIcon;
				INFOPLIST_FILE = "Transiciones en iOS/Info.plist";
				LD_RUNPATH_SEARCH_PATHS = "$(inherited) @executable_path/Frameworks";
				PRODUCT_BUNDLE_IDENTIFIER = "pe.area51.Transiciones-en-iOS";
				PRODUCT_NAME = "$(TARGET_NAME)";
				SWIFT_VERSION = 3.0;
			};
			name = Release;
		};
/* End XCBuildConfiguration section */

/* Begin XCConfigurationList section */
		FB3238791E4A9D2600D435CF /* Build configuration list for PBXProject "Transiciones en iOS" */ = {
			isa = XCConfigurationList;
			buildConfigurations = (
				FB32388E1E4A9D2A00D435CF /* Debug */,
				FB32388F1E4A9D2A00D435CF /* Release */,
			);
			defaultConfigurationIsVisible = 0;
			defaultConfigurationName = Release;
		};
		FB3238901E4A9D2A00D435CF /* Build configuration list for PBXNativeTarget "Transiciones en iOS" */ = {
			isa = XCConfigurationList;
			buildConfigurations = (
				FB3238911E4A9D2A00D435CF /* Debug */,
				FB3238921E4A9D2A00D435CF /* Release */,
			);
			defaultConfigurationIsVisible = 0;
		};
/* End XCConfigurationList section */
	};
	rootObject = FB3238761E4A9D2600D435CF /* Project object */;
}
